
Microsoft Visual Studio Solution File, Format Version 12.00
# Visual Studio Version 17
VisualStudioVersion = 17.8.34330.188
MinimumVisualStudioVersion = 10.0.40219.1
Project("{8BC9CEB8-8B4A-11D0-8D11-00A0C91BC942}") = "Lab15_3", "Lab15_3\Lab15_3.vcxproj", "{E16161EE-19C1-42D5-B25C-60A2B5EE4733}"
EndProject
Global
	GlobalSection(SolutionConfigurationPlatforms) = preSolution
		Debug|x64 = Debug|x64
		Debug|x86 = Debug|x86
		Release|x64 = Release|x64
		Release|x86 = Release|x86
	EndGlobalSection
	GlobalSection(ProjectConfigurationPlatforms) = postSolution
		{E16161EE-19C1-42D5-B25C-60A2B5EE4733}.Debug|x64.ActiveCfg = Debug|x64
		{E16161EE-19C1-42D5-B25C-60A2B5EE4733}.Debug|x64.Build.0 = Debug|x64
		{E16161EE-19C1-42D5-B25C-60A2B5EE4733}.Debug|x86.ActiveCfg = Debug|Win32
		{E16161EE-19C1-42D5-B25C-60A2B5EE4733}.Debug|x86.Build.0 = Debug|Win32
		{E16161EE-19C1-42D5-B25C-60A2B5EE4733}.Release|x64.ActiveCfg = Release|x64
		{E16161EE-19C1-42D5-B25C-60A2B5EE4733}.Release|x64.Build.0 = Release|x64
		{E16161EE-19C1-42D5-B25C-60A2B5EE4733}.Release|x86.ActiveCfg = Release|Win32
		{E16161EE-19C1-42D5-B25C-60A2B5EE4733}.Release|x86.Build.0 = Release|Win32
	EndGlobalSection
	GlobalSection(SolutionProperties) = preSolution
		HideSolutionNode = FALSE
	EndGlobalSection
	GlobalSection(ExtensibilityGlobals) = postSolution
		SolutionGuid = {C3C490C8-58BA-4932-94CC-93EC61C61BD6}
	EndGlobalSection
EndGlobal
